
Microsoft Visual Studio Solution File, Format Version 12.00
# Visual Studio Version 16
VisualStudioVersion = 16.0.34729.46
MinimumVisualStudioVersion = 10.0.40219.1
Project("{FAE04EC0-301F-11D3-BF4B-00C04F79EFBC}") = "PROTOTIPO.TP3.CAI", "PROTOTIPO.TP3.CAI.csproj", "{F69722CF-A2B1-4432-BD59-9EFB74C6A605}"
EndProject
Global
	GlobalSection(SolutionConfigurationPlatforms) = preSolution
		Debug|Any CPU = Debug|Any CPU
		Release|Any CPU = Release|Any CPU
	EndGlobalSection
	GlobalSection(ProjectConfigurationPlatforms) = postSolution
		{F69722CF-A2B1-4432-BD59-9EFB74C6A605}.Debug|Any CPU.ActiveCfg = Debug|Any CPU
		{F69722CF-A2B1-4432-BD59-9EFB74C6A605}.Debug|Any CPU.Build.0 = Debug|Any CPU
		{F69722CF-A2B1-4432-BD59-9EFB74C6A605}.Release|Any CPU.ActiveCfg = Release|Any CPU
		{F69722CF-A2B1-4432-BD59-9EFB74C6A605}.Release|Any CPU.Build.0 = Release|Any CPU
	EndGlobalSection
	GlobalSection(SolutionProperties) = preSolution
		HideSolutionNode = FALSE
	EndGlobalSection
	GlobalSection(ExtensibilityGlobals) = postSolution
		SolutionGuid = {58DA9E3B-9A94-4C73-8B30-ADA60F9BDE38}
	EndGlobalSection
EndGlobal
